
Microsoft Visual Studio Solution File, Format Version 12.00
# Visual Studio Version 16
VisualStudioVersion = 16.0.29926.136
MinimumVisualStudioVersion = 10.0.40219.1
Project("{FAE04EC0-301F-11D3-BF4B-00C04F79EFBC}") = "m3u8.client", "m3u8.client\m3u8.client.csproj", "{46961224-7B51-4115-BA59-53F8537CF7C4}"
EndProject
Project("{FAE04EC0-301F-11D3-BF4B-00C04F79EFBC}") = "m3u8.console.app", "m3u8.console.app\m3u8.console.app.csproj", "{B17C29AF-E052-413B-9149-4F49E5DA2571}"
EndProject
Project("{FAE04EC0-301F-11D3-BF4B-00C04F79EFBC}") = "m3u8.downloader", "m3u8.downloader\m3u8.downloader.csproj", "{B4726081-D6C9-4183-99CF-D52913E25C85}"
EndProject
Project("{2150E333-8FDC-42A3-9474-1A3956D46DE8}") = "m3u8-browser-extensions", "m3u8-browser-extensions", "{18F2AF0D-B182-4885-9B27-68F67E1E14A0}"
EndProject
Project("{2150E333-8FDC-42A3-9474-1A3956D46DE8}") = "_m3u8-downloader-host", "_m3u8-downloader-host", "{1894D434-5969-44B7-B51A-87F123427C6D}"
EndProject
Project("{2150E333-8FDC-42A3-9474-1A3956D46DE8}") = "m3u8-chrome-extension", "m3u8-chrome-extension", "{96151C69-A1DB-49F5-BE3A-C61B5835D5E3}"
	ProjectSection(SolutionItems) = preProject
		m3u8-browser-extensions\m3u8-chrome-extension\auto_start_download.png = m3u8-browser-extensions\m3u8-chrome-extension\auto_start_download.png
		m3u8-browser-extensions\m3u8-chrome-extension\auto_start_download_512.png = m3u8-browser-extensions\m3u8-chrome-extension\auto_start_download_512.png
		m3u8-browser-extensions\m3u8-chrome-extension\background.html = m3u8-browser-extensions\m3u8-chrome-extension\background.html
		m3u8-browser-extensions\m3u8-chrome-extension\background.js = m3u8-browser-extensions\m3u8-chrome-extension\background.js
		m3u8-browser-extensions\m3u8-chrome-extension\m3u8.css = m3u8-browser-extensions\m3u8-chrome-extension\m3u8.css
		m3u8-browser-extensions\m3u8-chrome-extension\m3u8.html = m3u8-browser-extensions\m3u8-chrome-extension\m3u8.html
		m3u8-browser-extensions\m3u8-chrome-extension\m3u8.js = m3u8-browser-extensions\m3u8-chrome-extension\m3u8.js
		m3u8-browser-extensions\m3u8-chrome-extension\m3u8.png = m3u8-browser-extensions\m3u8-chrome-extension\m3u8.png
		m3u8-browser-extensions\m3u8-chrome-extension\m3u8_148.png = m3u8-browser-extensions\m3u8-chrome-extension\m3u8_148.png
		m3u8-browser-extensions\m3u8-chrome-extension\m3u8_options.html = m3u8-browser-extensions\m3u8-chrome-extension\m3u8_options.html
		m3u8-browser-extensions\m3u8-chrome-extension\manifest.json = m3u8-browser-extensions\m3u8-chrome-extension\manifest.json
		m3u8-browser-extensions\m3u8-chrome-extension\script_in_content.js = m3u8-browser-extensions\m3u8-chrome-extension\script_in_content.js
	EndProjectSection
EndProject
Project("{2150E333-8FDC-42A3-9474-1A3956D46DE8}") = "m3u8-firefox-extension", "m3u8-firefox-extension", "{5F7272EB-A4D3-4D05-80AF-67D4348E03E7}"
	ProjectSection(SolutionItems) = preProject
		m3u8-browser-extensions\m3u8-firefox-extension\auto_start_download.png = m3u8-browser-extensions\m3u8-firefox-extension\auto_start_download.png
		m3u8-browser-extensions\m3u8-firefox-extension\auto_start_download_512.png = m3u8-browser-extensions\m3u8-firefox-extension\auto_start_download_512.png
		m3u8-browser-extensions\m3u8-firefox-extension\background.html = m3u8-browser-extensions\m3u8-firefox-extension\background.html
		m3u8-browser-extensions\m3u8-firefox-extension\background.js = m3u8-browser-extensions\m3u8-firefox-extension\background.js
		m3u8-browser-extensions\m3u8-firefox-extension\install.rdf = m3u8-browser-extensions\m3u8-firefox-extension\install.rdf
		m3u8-browser-extensions\m3u8-firefox-extension\m3u8.css = m3u8-browser-extensions\m3u8-firefox-extension\m3u8.css
		m3u8-browser-extensions\m3u8-firefox-extension\m3u8.html = m3u8-browser-extensions\m3u8-firefox-extension\m3u8.html
		m3u8-browser-extensions\m3u8-firefox-extension\m3u8.js = m3u8-browser-extensions\m3u8-firefox-extension\m3u8.js
		m3u8-browser-extensions\m3u8-firefox-extension\m3u8.png = m3u8-browser-extensions\m3u8-firefox-extension\m3u8.png
		m3u8-browser-extensions\m3u8-firefox-extension\m3u8_128.png = m3u8-browser-extensions\m3u8-firefox-extension\m3u8_128.png
		m3u8-browser-extensions\m3u8-firefox-extension\m3u8_148.png = m3u8-browser-extensions\m3u8-firefox-extension\m3u8_148.png
		m3u8-browser-extensions\m3u8-firefox-extension\m3u8_options.html = m3u8-browser-extensions\m3u8-firefox-extension\m3u8_options.html
		m3u8-browser-extensions\m3u8-firefox-extension\manifest.json = m3u8-browser-extensions\m3u8-firefox-extension\manifest.json
		m3u8-browser-extensions\m3u8-firefox-extension\script_in_content.js = m3u8-browser-extensions\m3u8-firefox-extension\script_in_content.js
	EndProjectSection
EndProject
Project("{2150E333-8FDC-42A3-9474-1A3956D46DE8}") = "xpi", "xpi", "{3C43194B-AA3D-4916-A292-FB9E65955B11}"
	ProjectSection(SolutionItems) = preProject
		m3u8-browser-extensions\m3u8-firefox-extension\xpi\m3u8_file_downloader-1.3-fx.xpi = m3u8-browser-extensions\m3u8-firefox-extension\xpi\m3u8_file_downloader-1.3-fx.xpi
	EndProjectSection
EndProject
Project("{2150E333-8FDC-42A3-9474-1A3956D46DE8}") = "m3u8.downloader.host", "m3u8.downloader.host", "{4A091DFF-C923-491B-B4C4-2762163EE716}"
	ProjectSection(SolutionItems) = preProject
		m3u8-browser-extensions\_m3u8-downloader-host\m3u8.downloader.host\m3u8.downloader.host.firefox.json = m3u8-browser-extensions\_m3u8-downloader-host\m3u8.downloader.host\m3u8.downloader.host.firefox.json
		m3u8-browser-extensions\_m3u8-downloader-host\m3u8.downloader.host\m3u8.downloader.host.google-chrome.json = m3u8-browser-extensions\_m3u8-downloader-host\m3u8.downloader.host\m3u8.downloader.host.google-chrome.json
		m3u8-browser-extensions\_m3u8-downloader-host\m3u8.downloader.host\m3u8.downloader.host.install.bat = m3u8-browser-extensions\_m3u8-downloader-host\m3u8.downloader.host\m3u8.downloader.host.install.bat
		m3u8-browser-extensions\_m3u8-downloader-host\m3u8.downloader.host\m3u8.downloader.host.uninstall.bat = m3u8-browser-extensions\_m3u8-downloader-host\m3u8.downloader.host\m3u8.downloader.host.uninstall.bat
	EndProjectSection
EndProject
Project("{2150E333-8FDC-42A3-9474-1A3956D46DE8}") = "m3u8.download.manager.host", "m3u8.download.manager.host", "{3E37E8AD-C2A1-4981-B316-F4D4B06AC253}"
	ProjectSection(SolutionItems) = preProject
		m3u8-browser-extensions\_m3u8-downloader-host\m3u8.download.manager.host\m3u8.download.manager.host.firefox.json = m3u8-browser-extensions\_m3u8-downloader-host\m3u8.download.manager.host\m3u8.download.manager.host.firefox.json
		m3u8-browser-extensions\_m3u8-downloader-host\m3u8.download.manager.host\m3u8.download.manager.host.google-chrome.json = m3u8-browser-extensions\_m3u8-downloader-host\m3u8.download.manager.host\m3u8.download.manager.host.google-chrome.json
		m3u8-browser-extensions\_m3u8-downloader-host\m3u8.download.manager.host\m3u8.download.manager.host.install.bat = m3u8-browser-extensions\_m3u8-downloader-host\m3u8.download.manager.host\m3u8.download.manager.host.install.bat
		m3u8-browser-extensions\_m3u8-downloader-host\m3u8.download.manager.host\m3u8.download.manager.host.uninstall.bat = m3u8-browser-extensions\_m3u8-downloader-host\m3u8.download.manager.host\m3u8.download.manager.host.uninstall.bat
	EndProjectSection
EndProject
Project("{FAE04EC0-301F-11D3-BF4B-00C04F79EFBC}") = "m3u8.download.manager", "m3u8.download.manager\WinForms\m3u8.download.manager.csproj", "{3EA1CBEA-1BEC-4E2C-9642-3C616AFF3634}"
EndProject
Project("{9A19103F-16F7-4668-BE54-9A1E7A4F7556}") = "m3u8.client.tests", "m3u8.client.tests\m3u8.client.tests.csproj", "{A5B22706-A9D2-4545-959B-957718B4BA84}"
EndProject
Project("{2150E333-8FDC-42A3-9474-1A3956D46DE8}") = "m3u8.download.manager", "m3u8.download.manager", "{63AC3FAC-138F-4E04-ACF9-D0C877D7C341}"
EndProject
Project("{2150E333-8FDC-42A3-9474-1A3956D46DE8}") = "WinForms", "WinForms", "{FB9BF7F1-2D48-429E-81CE-369C7D48E076}"
EndProject
Project("{2150E333-8FDC-42A3-9474-1A3956D46DE8}") = "Avalonia", "Avalonia", "{46B5F521-C239-4F29-9C6A-F674B7385F51}"
EndProject
Project("{9A19103F-16F7-4668-BE54-9A1E7A4F7556}") = "m3u8.download.manager.avalonia", "m3u8.download.manager\Avalonia\m3u8.download.manager.avalonia.csproj", "{A2B632E6-8000-4B07-91D2-24B017C31232}"
EndProject
Project("{2150E333-8FDC-42A3-9474-1A3956D46DE8}") = "m3u8.download.manager.avalonia.host", "m3u8.download.manager.avalonia.host", "{272F6ACB-DD20-476A-821D-8F30B88F728F}"
EndProject
Project("{2150E333-8FDC-42A3-9474-1A3956D46DE8}") = "firefox", "firefox", "{55A1DC66-91D7-44F2-A1FB-E66157FDE368}"
	ProjectSection(SolutionItems) = preProject
		m3u8-browser-extensions\_m3u8-downloader-host\m3u8.download.manager.avalonia.host\firefox\m3u8.download.manager.avalonia.host.firefox.json = m3u8-browser-extensions\_m3u8-downloader-host\m3u8.download.manager.avalonia.host\firefox\m3u8.download.manager.avalonia.host.firefox.json
		m3u8-browser-extensions\_m3u8-downloader-host\m3u8.download.manager.avalonia.host\firefox\m3u8.download.manager.avalonia.host.install.bat = m3u8-browser-extensions\_m3u8-downloader-host\m3u8.download.manager.avalonia.host\firefox\m3u8.download.manager.avalonia.host.install.bat
		m3u8-browser-extensions\_m3u8-downloader-host\m3u8.download.manager.avalonia.host\firefox\m3u8.download.manager.avalonia.host.install.sh = m3u8-browser-extensions\_m3u8-downloader-host\m3u8.download.manager.avalonia.host\firefox\m3u8.download.manager.avalonia.host.install.sh
		m3u8-browser-extensions\_m3u8-downloader-host\m3u8.download.manager.avalonia.host\firefox\m3u8.download.manager.avalonia.host.uninstall.bat = m3u8-browser-extensions\_m3u8-downloader-host\m3u8.download.manager.avalonia.host\firefox\m3u8.download.manager.avalonia.host.uninstall.bat
		m3u8-browser-extensions\_m3u8-downloader-host\m3u8.download.manager.avalonia.host\firefox\m3u8.download.manager.avalonia.host.uninstall.sh = m3u8-browser-extensions\_m3u8-downloader-host\m3u8.download.manager.avalonia.host\firefox\m3u8.download.manager.avalonia.host.uninstall.sh
		m3u8-browser-extensions\_m3u8-downloader-host\m3u8.download.manager.avalonia.host\firefox\m3u8.downloader.host.json = m3u8-browser-extensions\_m3u8-downloader-host\m3u8.download.manager.avalonia.host\firefox\m3u8.downloader.host.json
	EndProjectSection
EndProject
Project("{2150E333-8FDC-42A3-9474-1A3956D46DE8}") = "google-chrome", "google-chrome", "{A9507421-E719-4ECB-90F6-8095FC672A2E}"
	ProjectSection(SolutionItems) = preProject
		m3u8-browser-extensions\_m3u8-downloader-host\m3u8.download.manager.avalonia.host\google-chrome\m3u8.download.manager.avalonia.host.google-chrome.json = m3u8-browser-extensions\_m3u8-downloader-host\m3u8.download.manager.avalonia.host\google-chrome\m3u8.download.manager.avalonia.host.google-chrome.json
		m3u8-browser-extensions\_m3u8-downloader-host\m3u8.download.manager.avalonia.host\google-chrome\m3u8.download.manager.avalonia.host.install.bat = m3u8-browser-extensions\_m3u8-downloader-host\m3u8.download.manager.avalonia.host\google-chrome\m3u8.download.manager.avalonia.host.install.bat
		m3u8-browser-extensions\_m3u8-downloader-host\m3u8.download.manager.avalonia.host\google-chrome\m3u8.download.manager.avalonia.host.install.sh = m3u8-browser-extensions\_m3u8-downloader-host\m3u8.download.manager.avalonia.host\google-chrome\m3u8.download.manager.avalonia.host.install.sh
		m3u8-browser-extensions\_m3u8-downloader-host\m3u8.download.manager.avalonia.host\google-chrome\m3u8.download.manager.avalonia.host.uninstall.bat = m3u8-browser-extensions\_m3u8-downloader-host\m3u8.download.manager.avalonia.host\google-chrome\m3u8.download.manager.avalonia.host.uninstall.bat
		m3u8-browser-extensions\_m3u8-downloader-host\m3u8.download.manager.avalonia.host\google-chrome\m3u8.download.manager.avalonia.host.uninstall.sh = m3u8-browser-extensions\_m3u8-downloader-host\m3u8.download.manager.avalonia.host\google-chrome\m3u8.download.manager.avalonia.host.uninstall.sh
		m3u8-browser-extensions\_m3u8-downloader-host\m3u8.download.manager.avalonia.host\google-chrome\m3u8.downloader.host.json = m3u8-browser-extensions\_m3u8-downloader-host\m3u8.download.manager.avalonia.host\google-chrome\m3u8.downloader.host.json
	EndProjectSection
EndProject
Project("{2150E333-8FDC-42A3-9474-1A3956D46DE8}") = "WinForms.NET_CORE", "WinForms.NET_CORE", "{32CC348A-C048-4F62-87A5-45CA7EDFAB3D}"
EndProject
Project("{9A19103F-16F7-4668-BE54-9A1E7A4F7556}") = "m3u8.download.manager", "m3u8.download.manager\WinForms.NET_CORE\m3u8.download.manager.csproj", "{9E0D0A4D-CA31-436A-A6F2-609860775AC6}"
EndProject
Project("{9A19103F-16F7-4668-BE54-9A1E7A4F7556}") = "m3u8.console.app_2", "m3u8.console.app_2\m3u8.console.app_2.csproj", "{6FD8845D-3C2B-443D-9C52-D7A0F5F44CCE}"
EndProject
Project("{9A19103F-16F7-4668-BE54-9A1E7A4F7556}") = "m3u8_live_stream_downloader", "m3u8_live_stream_downloader\m3u8_live_stream_downloader.csproj", "{B3EA7DC6-8C12-4A40-B437-9C737EC0EF28}"
EndProject
Global
	GlobalSection(SolutionConfigurationPlatforms) = preSolution
		Debug|Any CPU = Debug|Any CPU
		Release|Any CPU = Release|Any CPU
	EndGlobalSection
	GlobalSection(ProjectConfigurationPlatforms) = postSolution
		{46961224-7B51-4115-BA59-53F8537CF7C4}.Debug|Any CPU.ActiveCfg = Debug|Any CPU
		{46961224-7B51-4115-BA59-53F8537CF7C4}.Debug|Any CPU.Build.0 = Debug|Any CPU
		{46961224-7B51-4115-BA59-53F8537CF7C4}.Release|Any CPU.ActiveCfg = Release|Any CPU
		{46961224-7B51-4115-BA59-53F8537CF7C4}.Release|Any CPU.Build.0 = Release|Any CPU
		{B17C29AF-E052-413B-9149-4F49E5DA2571}.Debug|Any CPU.ActiveCfg = Debug|Any CPU
		{B17C29AF-E052-413B-9149-4F49E5DA2571}.Debug|Any CPU.Build.0 = Debug|Any CPU
		{B17C29AF-E052-413B-9149-4F49E5DA2571}.Release|Any CPU.ActiveCfg = Release|Any CPU
		{B17C29AF-E052-413B-9149-4F49E5DA2571}.Release|Any CPU.Build.0 = Release|Any CPU
		{B4726081-D6C9-4183-99CF-D52913E25C85}.Debug|Any CPU.ActiveCfg = Debug|Any CPU
		{B4726081-D6C9-4183-99CF-D52913E25C85}.Debug|Any CPU.Build.0 = Debug|Any CPU
		{B4726081-D6C9-4183-99CF-D52913E25C85}.Release|Any CPU.ActiveCfg = Release|Any CPU
		{B4726081-D6C9-4183-99CF-D52913E25C85}.Release|Any CPU.Build.0 = Release|Any CPU
		{3EA1CBEA-1BEC-4E2C-9642-3C616AFF3634}.Debug|Any CPU.ActiveCfg = Debug|Any CPU
		{3EA1CBEA-1BEC-4E2C-9642-3C616AFF3634}.Debug|Any CPU.Build.0 = Debug|Any CPU
		{3EA1CBEA-1BEC-4E2C-9642-3C616AFF3634}.Release|Any CPU.ActiveCfg = Release|Any CPU
		{3EA1CBEA-1BEC-4E2C-9642-3C616AFF3634}.Release|Any CPU.Build.0 = Release|Any CPU
		{A5B22706-A9D2-4545-959B-957718B4BA84}.Debug|Any CPU.ActiveCfg = Debug|Any CPU
		{A5B22706-A9D2-4545-959B-957718B4BA84}.Debug|Any CPU.Build.0 = Debug|Any CPU
		{A5B22706-A9D2-4545-959B-957718B4BA84}.Release|Any CPU.ActiveCfg = Release|Any CPU
		{A5B22706-A9D2-4545-959B-957718B4BA84}.Release|Any CPU.Build.0 = Release|Any CPU
		{A2B632E6-8000-4B07-91D2-24B017C31232}.Debug|Any CPU.ActiveCfg = Debug|Any CPU
		{A2B632E6-8000-4B07-91D2-24B017C31232}.Debug|Any CPU.Build.0 = Debug|Any CPU
		{A2B632E6-8000-4B07-91D2-24B017C31232}.Release|Any CPU.ActiveCfg = Release|Any CPU
		{A2B632E6-8000-4B07-91D2-24B017C31232}.Release|Any CPU.Build.0 = Release|Any CPU
		{9E0D0A4D-CA31-436A-A6F2-609860775AC6}.Debug|Any CPU.ActiveCfg = Debug|Any CPU
		{9E0D0A4D-CA31-436A-A6F2-609860775AC6}.Debug|Any CPU.Build.0 = Debug|Any CPU
		{9E0D0A4D-CA31-436A-A6F2-609860775AC6}.Release|Any CPU.ActiveCfg = Release|Any CPU
		{9E0D0A4D-CA31-436A-A6F2-609860775AC6}.Release|Any CPU.Build.0 = Release|Any CPU
		{6FD8845D-3C2B-443D-9C52-D7A0F5F44CCE}.Debug|Any CPU.ActiveCfg = Debug|Any CPU
		{6FD8845D-3C2B-443D-9C52-D7A0F5F44CCE}.Debug|Any CPU.Build.0 = Debug|Any CPU
		{6FD8845D-3C2B-443D-9C52-D7A0F5F44CCE}.Release|Any CPU.ActiveCfg = Release|Any CPU
		{6FD8845D-3C2B-443D-9C52-D7A0F5F44CCE}.Release|Any CPU.Build.0 = Release|Any CPU
		{B3EA7DC6-8C12-4A40-B437-9C737EC0EF28}.Debug|Any CPU.ActiveCfg = Debug|Any CPU
		{B3EA7DC6-8C12-4A40-B437-9C737EC0EF28}.Debug|Any CPU.Build.0 = Debug|Any CPU
		{B3EA7DC6-8C12-4A40-B437-9C737EC0EF28}.Release|Any CPU.ActiveCfg = Release|Any CPU
		{B3EA7DC6-8C12-4A40-B437-9C737EC0EF28}.Release|Any CPU.Build.0 = Release|Any CPU
	EndGlobalSection
	GlobalSection(SolutionProperties) = preSolution
		HideSolutionNode = FALSE
	EndGlobalSection
	GlobalSection(NestedProjects) = preSolution
		{1894D434-5969-44B7-B51A-87F123427C6D} = {18F2AF0D-B182-4885-9B27-68F67E1E14A0}
		{96151C69-A1DB-49F5-BE3A-C61B5835D5E3} = {18F2AF0D-B182-4885-9B27-68F67E1E14A0}
		{5F7272EB-A4D3-4D05-80AF-67D4348E03E7} = {18F2AF0D-B182-4885-9B27-68F67E1E14A0}
		{3C43194B-AA3D-4916-A292-FB9E65955B11} = {5F7272EB-A4D3-4D05-80AF-67D4348E03E7}
		{4A091DFF-C923-491B-B4C4-2762163EE716} = {1894D434-5969-44B7-B51A-87F123427C6D}
		{3E37E8AD-C2A1-4981-B316-F4D4B06AC253} = {1894D434-5969-44B7-B51A-87F123427C6D}
		{3EA1CBEA-1BEC-4E2C-9642-3C616AFF3634} = {FB9BF7F1-2D48-429E-81CE-369C7D48E076}
		{FB9BF7F1-2D48-429E-81CE-369C7D48E076} = {63AC3FAC-138F-4E04-ACF9-D0C877D7C341}
		{46B5F521-C239-4F29-9C6A-F674B7385F51} = {63AC3FAC-138F-4E04-ACF9-D0C877D7C341}
		{A2B632E6-8000-4B07-91D2-24B017C31232} = {46B5F521-C239-4F29-9C6A-F674B7385F51}
		{272F6ACB-DD20-476A-821D-8F30B88F728F} = {1894D434-5969-44B7-B51A-87F123427C6D}
		{55A1DC66-91D7-44F2-A1FB-E66157FDE368} = {272F6ACB-DD20-476A-821D-8F30B88F728F}
		{A9507421-E719-4ECB-90F6-8095FC672A2E} = {272F6ACB-DD20-476A-821D-8F30B88F728F}
		{32CC348A-C048-4F62-87A5-45CA7EDFAB3D} = {63AC3FAC-138F-4E04-ACF9-D0C877D7C341}
		{9E0D0A4D-CA31-436A-A6F2-609860775AC6} = {32CC348A-C048-4F62-87A5-45CA7EDFAB3D}
	EndGlobalSection
	GlobalSection(ExtensibilityGlobals) = postSolution
		SolutionGuid = {BBFEF9AD-DE12-4E77-AAF3-F441343E05C6}
	EndGlobalSection
EndGlobal
