
Microsoft Visual Studio Solution File, Format Version 12.00
# Visual Studio Version 17
VisualStudioVersion = 17.3.32929.385
MinimumVisualStudioVersion = 10.0.40219.1
Project("{2150E333-8FDC-42A3-9474-1A3956D46DE8}") = "m3u8-browser-extensions", "m3u8-browser-extensions", "{18F2AF0D-B182-4885-9B27-68F67E1E14A0}"
EndProject
Project("{2150E333-8FDC-42A3-9474-1A3956D46DE8}") = "_m3u8-downloader-host", "_m3u8-downloader-host", "{1894D434-5969-44B7-B51A-87F123427C6D}"
EndProject
Project("{2150E333-8FDC-42A3-9474-1A3956D46DE8}") = "m3u8-chrome-extension", "m3u8-chrome-extension", "{96151C69-A1DB-49F5-BE3A-C61B5835D5E3}"
	ProjectSection(SolutionItems) = preProject
		m3u8-browser-extensions\m3u8-chrome-extension\script_in_content.js = m3u8-browser-extensions\m3u8-chrome-extension\script_in_content.js
	EndProjectSection
EndProject
Project("{2150E333-8FDC-42A3-9474-1A3956D46DE8}") = "m3u8-firefox-extension", "m3u8-firefox-extension", "{5F7272EB-A4D3-4D05-80AF-67D4348E03E7}"
	ProjectSection(SolutionItems) = preProject
		m3u8-browser-extensions\m3u8-firefox-extension\install.rdf = m3u8-browser-extensions\m3u8-firefox-extension\install.rdf
		m3u8-browser-extensions\m3u8-firefox-extension\m3u8.html = m3u8-browser-extensions\m3u8-firefox-extension\m3u8.html
		m3u8-browser-extensions\m3u8-firefox-extension\m3u8_background.html = m3u8-browser-extensions\m3u8-firefox-extension\m3u8_background.html
		m3u8-browser-extensions\m3u8-firefox-extension\m3u8_options.html = m3u8-browser-extensions\m3u8-firefox-extension\m3u8_options.html
		m3u8-browser-extensions\m3u8-firefox-extension\manifest.json = m3u8-browser-extensions\m3u8-firefox-extension\manifest.json
	EndProjectSection
EndProject
Project("{2150E333-8FDC-42A3-9474-1A3956D46DE8}") = "m3u8.downloader.host", "m3u8.downloader.host", "{4A091DFF-C923-491B-B4C4-2762163EE716}"
	ProjectSection(SolutionItems) = preProject
		m3u8-browser-extensions\_m3u8-downloader-host\m3u8.downloader.host\m3u8.downloader.host.firefox.json = m3u8-browser-extensions\_m3u8-downloader-host\m3u8.downloader.host\m3u8.downloader.host.firefox.json
		m3u8-browser-extensions\_m3u8-downloader-host\m3u8.downloader.host\m3u8.downloader.host.google-chrome.json = m3u8-browser-extensions\_m3u8-downloader-host\m3u8.downloader.host\m3u8.downloader.host.google-chrome.json
		m3u8-browser-extensions\_m3u8-downloader-host\m3u8.downloader.host\m3u8.downloader.host.install.bat = m3u8-browser-extensions\_m3u8-downloader-host\m3u8.downloader.host\m3u8.downloader.host.install.bat
		m3u8-browser-extensions\_m3u8-downloader-host\m3u8.downloader.host\m3u8.downloader.host.uninstall.bat = m3u8-browser-extensions\_m3u8-downloader-host\m3u8.downloader.host\m3u8.downloader.host.uninstall.bat
	EndProjectSection
EndProject
Project("{2150E333-8FDC-42A3-9474-1A3956D46DE8}") = "m3u8.download.manager.host", "m3u8.download.manager.host", "{3E37E8AD-C2A1-4981-B316-F4D4B06AC253}"
	ProjectSection(SolutionItems) = preProject
		m3u8-browser-extensions\_m3u8-downloader-host\m3u8.download.manager.host\m3u8.download.manager.host.firefox.json = m3u8-browser-extensions\_m3u8-downloader-host\m3u8.download.manager.host\m3u8.download.manager.host.firefox.json
		m3u8-browser-extensions\_m3u8-downloader-host\m3u8.download.manager.host\m3u8.download.manager.host.google-chrome.json = m3u8-browser-extensions\_m3u8-downloader-host\m3u8.download.manager.host\m3u8.download.manager.host.google-chrome.json
		m3u8-browser-extensions\_m3u8-downloader-host\m3u8.download.manager.host\m3u8.download.manager.host.install.bat = m3u8-browser-extensions\_m3u8-downloader-host\m3u8.download.manager.host\m3u8.download.manager.host.install.bat
		m3u8-browser-extensions\_m3u8-downloader-host\m3u8.download.manager.host\m3u8.download.manager.host.uninstall.bat = m3u8-browser-extensions\_m3u8-downloader-host\m3u8.download.manager.host\m3u8.download.manager.host.uninstall.bat
	EndProjectSection
EndProject
Project("{9A19103F-16F7-4668-BE54-9A1E7A4F7556}") = "m3u8.download.manager.github-special", "m3u8.download.manager\WinForms\m3u8.download.manager.github-special.csproj", "{3EA1CBEA-1BEC-4E2C-9642-3C616AFF3634}"
EndProject
Project("{9A19103F-16F7-4668-BE54-9A1E7A4F7556}") = "m3u8.client.tests.github-special", "m3u8.client.tests\m3u8.client.tests.github-special.csproj", "{A5B22706-A9D2-4545-959B-957718B4BA84}"
EndProject
Project("{2150E333-8FDC-42A3-9474-1A3956D46DE8}") = "m3u8.download.manager", "m3u8.download.manager", "{63AC3FAC-138F-4E04-ACF9-D0C877D7C341}"
EndProject
Project("{2150E333-8FDC-42A3-9474-1A3956D46DE8}") = "WinForms", "WinForms", "{FB9BF7F1-2D48-429E-81CE-369C7D48E076}"
EndProject
Project("{2150E333-8FDC-42A3-9474-1A3956D46DE8}") = "Avalonia", "Avalonia", "{46B5F521-C239-4F29-9C6A-F674B7385F51}"
EndProject
Project("{9A19103F-16F7-4668-BE54-9A1E7A4F7556}") = "m3u8.download.manager.avalonia", "m3u8.download.manager\Avalonia\m3u8.download.manager.avalonia.csproj", "{A2B632E6-8000-4B07-91D2-24B017C31232}"
EndProject
Project("{2150E333-8FDC-42A3-9474-1A3956D46DE8}") = "m3u8.download.manager.avalonia.host", "m3u8.download.manager.avalonia.host", "{272F6ACB-DD20-476A-821D-8F30B88F728F}"
EndProject
Project("{2150E333-8FDC-42A3-9474-1A3956D46DE8}") = "firefox", "firefox", "{55A1DC66-91D7-44F2-A1FB-E66157FDE368}"
	ProjectSection(SolutionItems) = preProject
		m3u8-browser-extensions\_m3u8-downloader-host\m3u8.download.manager.avalonia.host\firefox\m3u8.download.manager.avalonia.host.firefox.json = m3u8-browser-extensions\_m3u8-downloader-host\m3u8.download.manager.avalonia.host\firefox\m3u8.download.manager.avalonia.host.firefox.json
		m3u8-browser-extensions\_m3u8-downloader-host\m3u8.download.manager.avalonia.host\firefox\m3u8.download.manager.avalonia.host.install.bat = m3u8-browser-extensions\_m3u8-downloader-host\m3u8.download.manager.avalonia.host\firefox\m3u8.download.manager.avalonia.host.install.bat
		m3u8-browser-extensions\_m3u8-downloader-host\m3u8.download.manager.avalonia.host\firefox\m3u8.download.manager.avalonia.host.install.sh = m3u8-browser-extensions\_m3u8-downloader-host\m3u8.download.manager.avalonia.host\firefox\m3u8.download.manager.avalonia.host.install.sh
		m3u8-browser-extensions\_m3u8-downloader-host\m3u8.download.manager.avalonia.host\firefox\m3u8.download.manager.avalonia.host.uninstall.bat = m3u8-browser-extensions\_m3u8-downloader-host\m3u8.download.manager.avalonia.host\firefox\m3u8.download.manager.avalonia.host.uninstall.bat
		m3u8-browser-extensions\_m3u8-downloader-host\m3u8.download.manager.avalonia.host\firefox\m3u8.download.manager.avalonia.host.uninstall.sh = m3u8-browser-extensions\_m3u8-downloader-host\m3u8.download.manager.avalonia.host\firefox\m3u8.download.manager.avalonia.host.uninstall.sh
		m3u8-browser-extensions\_m3u8-downloader-host\m3u8.download.manager.avalonia.host\firefox\m3u8.downloader.host.json = m3u8-browser-extensions\_m3u8-downloader-host\m3u8.download.manager.avalonia.host\firefox\m3u8.downloader.host.json
	EndProjectSection
EndProject
Project("{2150E333-8FDC-42A3-9474-1A3956D46DE8}") = "google-chrome", "google-chrome", "{A9507421-E719-4ECB-90F6-8095FC672A2E}"
	ProjectSection(SolutionItems) = preProject
		m3u8-browser-extensions\_m3u8-downloader-host\m3u8.download.manager.avalonia.host\google-chrome\m3u8.download.manager.avalonia.host.google-chrome.json = m3u8-browser-extensions\_m3u8-downloader-host\m3u8.download.manager.avalonia.host\google-chrome\m3u8.download.manager.avalonia.host.google-chrome.json
		m3u8-browser-extensions\_m3u8-downloader-host\m3u8.download.manager.avalonia.host\google-chrome\m3u8.download.manager.avalonia.host.install.bat = m3u8-browser-extensions\_m3u8-downloader-host\m3u8.download.manager.avalonia.host\google-chrome\m3u8.download.manager.avalonia.host.install.bat
		m3u8-browser-extensions\_m3u8-downloader-host\m3u8.download.manager.avalonia.host\google-chrome\m3u8.download.manager.avalonia.host.install.sh = m3u8-browser-extensions\_m3u8-downloader-host\m3u8.download.manager.avalonia.host\google-chrome\m3u8.download.manager.avalonia.host.install.sh
		m3u8-browser-extensions\_m3u8-downloader-host\m3u8.download.manager.avalonia.host\google-chrome\m3u8.download.manager.avalonia.host.uninstall.bat = m3u8-browser-extensions\_m3u8-downloader-host\m3u8.download.manager.avalonia.host\google-chrome\m3u8.download.manager.avalonia.host.uninstall.bat
		m3u8-browser-extensions\_m3u8-downloader-host\m3u8.download.manager.avalonia.host\google-chrome\m3u8.download.manager.avalonia.host.uninstall.sh = m3u8-browser-extensions\_m3u8-downloader-host\m3u8.download.manager.avalonia.host\google-chrome\m3u8.download.manager.avalonia.host.uninstall.sh
		m3u8-browser-extensions\_m3u8-downloader-host\m3u8.download.manager.avalonia.host\google-chrome\m3u8.downloader.host.json = m3u8-browser-extensions\_m3u8-downloader-host\m3u8.download.manager.avalonia.host\google-chrome\m3u8.downloader.host.json
	EndProjectSection
EndProject
Project("{9A19103F-16F7-4668-BE54-9A1E7A4F7556}") = "m3u8.console.app", "m3u8.console.app\m3u8.console.app.csproj", "{6FD8845D-3C2B-443D-9C52-D7A0F5F44CCE}"
EndProject
Project("{9A19103F-16F7-4668-BE54-9A1E7A4F7556}") = "m3u8_live_stream_downloader", "m3u8_live_stream_downloader\m3u8_live_stream_downloader.csproj", "{B3EA7DC6-8C12-4A40-B437-9C737EC0EF28}"
EndProject
Project("{2150E333-8FDC-42A3-9474-1A3956D46DE8}") = "_Solution_Items", "_Solution_Items", "{19F2164B-ECA9-451D-971F-D06C2A4C16B9}"
	ProjectSection(SolutionItems) = preProject
		.editorconfig = .editorconfig
	EndProjectSection
EndProject
Project("{2150E333-8FDC-42A3-9474-1A3956D46DE8}") = "v3", "v3", "{1945AF49-9C85-4DC5-8EF5-35D159440475}"
	ProjectSection(SolutionItems) = preProject
		m3u8-browser-extensions\m3u8-chrome-extension\v3\m3u8.html = m3u8-browser-extensions\m3u8-chrome-extension\v3\m3u8.html
		m3u8-browser-extensions\m3u8-chrome-extension\v3\m3u8_options.html = m3u8-browser-extensions\m3u8-chrome-extension\v3\m3u8_options.html
		m3u8-browser-extensions\m3u8-chrome-extension\v3\manifest.json = m3u8-browser-extensions\m3u8-chrome-extension\v3\manifest.json
	EndProjectSection
EndProject
Project("{2150E333-8FDC-42A3-9474-1A3956D46DE8}") = "v2", "v2", "{D39E9C72-7136-49AD-99D4-3FA813531F17}"
	ProjectSection(SolutionItems) = preProject
		m3u8-browser-extensions\m3u8-chrome-extension\v2\background.html = m3u8-browser-extensions\m3u8-chrome-extension\v2\background.html
		m3u8-browser-extensions\m3u8-chrome-extension\v2\m3u8.html = m3u8-browser-extensions\m3u8-chrome-extension\v2\m3u8.html
		m3u8-browser-extensions\m3u8-chrome-extension\v2\m3u8_options.html = m3u8-browser-extensions\m3u8-chrome-extension\v2\m3u8_options.html
		m3u8-browser-extensions\m3u8-chrome-extension\v2\manifest.json = m3u8-browser-extensions\m3u8-chrome-extension\v2\manifest.json
	EndProjectSection
EndProject
Project("{2150E333-8FDC-42A3-9474-1A3956D46DE8}") = "css", "css", "{F400C63B-4C95-47DB-9624-1ACEC628C925}"
	ProjectSection(SolutionItems) = preProject
		m3u8-browser-extensions\m3u8-chrome-extension\v2\css\m3u8.css = m3u8-browser-extensions\m3u8-chrome-extension\v2\css\m3u8.css
	EndProjectSection
EndProject
Project("{2150E333-8FDC-42A3-9474-1A3956D46DE8}") = "img", "img", "{5583BDEE-CEF0-4895-9D59-B99C89085E45}"
	ProjectSection(SolutionItems) = preProject
		m3u8-browser-extensions\m3u8-chrome-extension\v2\img\auto_start_download.png = m3u8-browser-extensions\m3u8-chrome-extension\v2\img\auto_start_download.png
		m3u8-browser-extensions\m3u8-chrome-extension\v2\img\auto_start_download_512.png = m3u8-browser-extensions\m3u8-chrome-extension\v2\img\auto_start_download_512.png
		m3u8-browser-extensions\m3u8-chrome-extension\v2\img\m3u8.png = m3u8-browser-extensions\m3u8-chrome-extension\v2\img\m3u8.png
		m3u8-browser-extensions\m3u8-chrome-extension\v2\img\m3u8_148.png = m3u8-browser-extensions\m3u8-chrome-extension\v2\img\m3u8_148.png
	EndProjectSection
EndProject
Project("{2150E333-8FDC-42A3-9474-1A3956D46DE8}") = "js", "js", "{3F68E4C1-8ED6-4F8B-953E-DF479F9776AE}"
	ProjectSection(SolutionItems) = preProject
		m3u8-browser-extensions\m3u8-chrome-extension\v2\js\background.js = m3u8-browser-extensions\m3u8-chrome-extension\v2\js\background.js
		m3u8-browser-extensions\m3u8-chrome-extension\v2\js\m3u8.js = m3u8-browser-extensions\m3u8-chrome-extension\v2\js\m3u8.js
		m3u8-browser-extensions\m3u8-chrome-extension\v2\js\script_in_content.js = m3u8-browser-extensions\m3u8-chrome-extension\v2\js\script_in_content.js
		m3u8-browser-extensions\m3u8-chrome-extension\v2\js\workInfoType.js = m3u8-browser-extensions\m3u8-chrome-extension\v2\js\workInfoType.js
	EndProjectSection
EndProject
Project("{2150E333-8FDC-42A3-9474-1A3956D46DE8}") = "css", "css", "{CDEDF3D6-2808-4B71-922E-ACCBECA846D7}"
	ProjectSection(SolutionItems) = preProject
		m3u8-browser-extensions\m3u8-chrome-extension\v3\css\m3u8.css = m3u8-browser-extensions\m3u8-chrome-extension\v3\css\m3u8.css
	EndProjectSection
EndProject
Project("{2150E333-8FDC-42A3-9474-1A3956D46DE8}") = "img", "img", "{913598FF-1295-4028-BBB0-9C5B08257EB9}"
	ProjectSection(SolutionItems) = preProject
		m3u8-browser-extensions\m3u8-chrome-extension\v3\img\auto_start_download.png = m3u8-browser-extensions\m3u8-chrome-extension\v3\img\auto_start_download.png
		m3u8-browser-extensions\m3u8-chrome-extension\v3\img\auto_start_download_512.png = m3u8-browser-extensions\m3u8-chrome-extension\v3\img\auto_start_download_512.png
		m3u8-browser-extensions\m3u8-chrome-extension\v3\img\m3u8.png = m3u8-browser-extensions\m3u8-chrome-extension\v3\img\m3u8.png
		m3u8-browser-extensions\m3u8-chrome-extension\v3\img\m3u8_148.png = m3u8-browser-extensions\m3u8-chrome-extension\v3\img\m3u8_148.png
	EndProjectSection
EndProject
Project("{2150E333-8FDC-42A3-9474-1A3956D46DE8}") = "js", "js", "{84019BB2-43D5-4D46-9898-0FBD40C74203}"
	ProjectSection(SolutionItems) = preProject
		m3u8-browser-extensions\m3u8-chrome-extension\v3\js\m3u8.js = m3u8-browser-extensions\m3u8-chrome-extension\v3\js\m3u8.js
		m3u8-browser-extensions\m3u8-chrome-extension\v3\js\options.js = m3u8-browser-extensions\m3u8-chrome-extension\v3\js\options.js
		m3u8-browser-extensions\m3u8-chrome-extension\v3\js\service-worker.js = m3u8-browser-extensions\m3u8-chrome-extension\v3\js\service-worker.js
		m3u8-browser-extensions\m3u8-chrome-extension\v3\js\workInfoType.js = m3u8-browser-extensions\m3u8-chrome-extension\v3\js\workInfoType.js
	EndProjectSection
EndProject
Project("{2150E333-8FDC-42A3-9474-1A3956D46DE8}") = "_xpi", "_xpi", "{9D01A09E-A6A6-4BD5-8BC8-767BDB39E37B}"
	ProjectSection(SolutionItems) = preProject
		m3u8-browser-extensions\m3u8-firefox-extension\_xpi\m3u8_file_downloader-1.5-fx.xpi = m3u8-browser-extensions\m3u8-firefox-extension\_xpi\m3u8_file_downloader-1.5-fx.xpi
		m3u8-browser-extensions\m3u8-firefox-extension\_xpi\m3u8_file_downloader-1.7.xpi = m3u8-browser-extensions\m3u8-firefox-extension\_xpi\m3u8_file_downloader-1.7.xpi
	EndProjectSection
EndProject
Project("{2150E333-8FDC-42A3-9474-1A3956D46DE8}") = "js", "js", "{7FEEC044-7FAF-491C-8BD0-8476D1949EE2}"
	ProjectSection(SolutionItems) = preProject
		m3u8-browser-extensions\m3u8-firefox-extension\js\background.js = m3u8-browser-extensions\m3u8-firefox-extension\js\background.js
		m3u8-browser-extensions\m3u8-firefox-extension\js\m3u8.js = m3u8-browser-extensions\m3u8-firefox-extension\js\m3u8.js
		m3u8-browser-extensions\m3u8-firefox-extension\js\script_in_content.js = m3u8-browser-extensions\m3u8-firefox-extension\js\script_in_content.js
	EndProjectSection
EndProject
Project("{2150E333-8FDC-42A3-9474-1A3956D46DE8}") = "img", "img", "{E8761CA1-0FD3-4186-9A0F-1D44D60ECEB0}"
	ProjectSection(SolutionItems) = preProject
		m3u8-browser-extensions\m3u8-firefox-extension\img\auto_start_download.png = m3u8-browser-extensions\m3u8-firefox-extension\img\auto_start_download.png
		m3u8-browser-extensions\m3u8-firefox-extension\img\auto_start_download_512.png = m3u8-browser-extensions\m3u8-firefox-extension\img\auto_start_download_512.png
		m3u8-browser-extensions\m3u8-firefox-extension\img\m3u8.png = m3u8-browser-extensions\m3u8-firefox-extension\img\m3u8.png
		m3u8-browser-extensions\m3u8-firefox-extension\img\m3u8_128.png = m3u8-browser-extensions\m3u8-firefox-extension\img\m3u8_128.png
	EndProjectSection
EndProject
Project("{2150E333-8FDC-42A3-9474-1A3956D46DE8}") = "css", "css", "{B6681CA2-A33B-4153-9EE2-7AC7793312AC}"
	ProjectSection(SolutionItems) = preProject
		m3u8-browser-extensions\m3u8-firefox-extension\css\m3u8.css = m3u8-browser-extensions\m3u8-firefox-extension\css\m3u8.css
	EndProjectSection
EndProject
Global
	GlobalSection(SolutionConfigurationPlatforms) = preSolution
		Debug|Any CPU = Debug|Any CPU
		Release|Any CPU = Release|Any CPU
	EndGlobalSection
	GlobalSection(ProjectConfigurationPlatforms) = postSolution
		{3EA1CBEA-1BEC-4E2C-9642-3C616AFF3634}.Debug|Any CPU.ActiveCfg = Debug|Any CPU
		{3EA1CBEA-1BEC-4E2C-9642-3C616AFF3634}.Debug|Any CPU.Build.0 = Debug|Any CPU
		{3EA1CBEA-1BEC-4E2C-9642-3C616AFF3634}.Release|Any CPU.ActiveCfg = Release|Any CPU
		{3EA1CBEA-1BEC-4E2C-9642-3C616AFF3634}.Release|Any CPU.Build.0 = Release|Any CPU
		{A5B22706-A9D2-4545-959B-957718B4BA84}.Debug|Any CPU.ActiveCfg = Debug|Any CPU
		{A5B22706-A9D2-4545-959B-957718B4BA84}.Debug|Any CPU.Build.0 = Debug|Any CPU
		{A5B22706-A9D2-4545-959B-957718B4BA84}.Release|Any CPU.ActiveCfg = Release|Any CPU
		{A5B22706-A9D2-4545-959B-957718B4BA84}.Release|Any CPU.Build.0 = Release|Any CPU
		{A2B632E6-8000-4B07-91D2-24B017C31232}.Debug|Any CPU.ActiveCfg = Debug|Any CPU
		{A2B632E6-8000-4B07-91D2-24B017C31232}.Debug|Any CPU.Build.0 = Debug|Any CPU
		{A2B632E6-8000-4B07-91D2-24B017C31232}.Release|Any CPU.ActiveCfg = Release|Any CPU
		{A2B632E6-8000-4B07-91D2-24B017C31232}.Release|Any CPU.Build.0 = Release|Any CPU
		{6FD8845D-3C2B-443D-9C52-D7A0F5F44CCE}.Debug|Any CPU.ActiveCfg = Debug|Any CPU
		{6FD8845D-3C2B-443D-9C52-D7A0F5F44CCE}.Debug|Any CPU.Build.0 = Debug|Any CPU
		{6FD8845D-3C2B-443D-9C52-D7A0F5F44CCE}.Release|Any CPU.ActiveCfg = Release|Any CPU
		{6FD8845D-3C2B-443D-9C52-D7A0F5F44CCE}.Release|Any CPU.Build.0 = Release|Any CPU
		{B3EA7DC6-8C12-4A40-B437-9C737EC0EF28}.Debug|Any CPU.ActiveCfg = Debug|Any CPU
		{B3EA7DC6-8C12-4A40-B437-9C737EC0EF28}.Debug|Any CPU.Build.0 = Debug|Any CPU
		{B3EA7DC6-8C12-4A40-B437-9C737EC0EF28}.Release|Any CPU.ActiveCfg = Release|Any CPU
		{B3EA7DC6-8C12-4A40-B437-9C737EC0EF28}.Release|Any CPU.Build.0 = Release|Any CPU
	EndGlobalSection
	GlobalSection(SolutionProperties) = preSolution
		HideSolutionNode = FALSE
	EndGlobalSection
	GlobalSection(NestedProjects) = preSolution
		{1894D434-5969-44B7-B51A-87F123427C6D} = {18F2AF0D-B182-4885-9B27-68F67E1E14A0}
		{96151C69-A1DB-49F5-BE3A-C61B5835D5E3} = {18F2AF0D-B182-4885-9B27-68F67E1E14A0}
		{5F7272EB-A4D3-4D05-80AF-67D4348E03E7} = {18F2AF0D-B182-4885-9B27-68F67E1E14A0}
		{4A091DFF-C923-491B-B4C4-2762163EE716} = {1894D434-5969-44B7-B51A-87F123427C6D}
		{3E37E8AD-C2A1-4981-B316-F4D4B06AC253} = {1894D434-5969-44B7-B51A-87F123427C6D}
		{3EA1CBEA-1BEC-4E2C-9642-3C616AFF3634} = {FB9BF7F1-2D48-429E-81CE-369C7D48E076}
		{FB9BF7F1-2D48-429E-81CE-369C7D48E076} = {63AC3FAC-138F-4E04-ACF9-D0C877D7C341}
		{46B5F521-C239-4F29-9C6A-F674B7385F51} = {63AC3FAC-138F-4E04-ACF9-D0C877D7C341}
		{A2B632E6-8000-4B07-91D2-24B017C31232} = {46B5F521-C239-4F29-9C6A-F674B7385F51}
		{272F6ACB-DD20-476A-821D-8F30B88F728F} = {1894D434-5969-44B7-B51A-87F123427C6D}
		{55A1DC66-91D7-44F2-A1FB-E66157FDE368} = {272F6ACB-DD20-476A-821D-8F30B88F728F}
		{A9507421-E719-4ECB-90F6-8095FC672A2E} = {272F6ACB-DD20-476A-821D-8F30B88F728F}
		{1945AF49-9C85-4DC5-8EF5-35D159440475} = {96151C69-A1DB-49F5-BE3A-C61B5835D5E3}
		{D39E9C72-7136-49AD-99D4-3FA813531F17} = {96151C69-A1DB-49F5-BE3A-C61B5835D5E3}
		{F400C63B-4C95-47DB-9624-1ACEC628C925} = {D39E9C72-7136-49AD-99D4-3FA813531F17}
		{5583BDEE-CEF0-4895-9D59-B99C89085E45} = {D39E9C72-7136-49AD-99D4-3FA813531F17}
		{3F68E4C1-8ED6-4F8B-953E-DF479F9776AE} = {D39E9C72-7136-49AD-99D4-3FA813531F17}
		{CDEDF3D6-2808-4B71-922E-ACCBECA846D7} = {1945AF49-9C85-4DC5-8EF5-35D159440475}
		{913598FF-1295-4028-BBB0-9C5B08257EB9} = {1945AF49-9C85-4DC5-8EF5-35D159440475}
		{84019BB2-43D5-4D46-9898-0FBD40C74203} = {1945AF49-9C85-4DC5-8EF5-35D159440475}
		{9D01A09E-A6A6-4BD5-8BC8-767BDB39E37B} = {5F7272EB-A4D3-4D05-80AF-67D4348E03E7}
		{7FEEC044-7FAF-491C-8BD0-8476D1949EE2} = {5F7272EB-A4D3-4D05-80AF-67D4348E03E7}
		{E8761CA1-0FD3-4186-9A0F-1D44D60ECEB0} = {5F7272EB-A4D3-4D05-80AF-67D4348E03E7}
		{B6681CA2-A33B-4153-9EE2-7AC7793312AC} = {5F7272EB-A4D3-4D05-80AF-67D4348E03E7}
	EndGlobalSection
	GlobalSection(ExtensibilityGlobals) = postSolution
		SolutionGuid = {BBFEF9AD-DE12-4E77-AAF3-F441343E05C6}
	EndGlobalSection
EndGlobal
