
Microsoft Visual Studio Solution File, Format Version 12.00
# Visual Studio 15
VisualStudioVersion = 15.0.27130.2024
MinimumVisualStudioVersion = 10.0.40219.1
Project("{FAE04EC0-301F-11D3-BF4B-00C04F79EFBC}") = "m3u8.client", "m3u8.client\m3u8.client.csproj", "{46961224-7B51-4115-BA59-53F8537CF7C4}"
EndProject
Project("{FAE04EC0-301F-11D3-BF4B-00C04F79EFBC}") = "m3u8.console.app", "m3u8.console.app\m3u8.console.app.csproj", "{B17C29AF-E052-413B-9149-4F49E5DA2571}"
EndProject
Global
	GlobalSection(SolutionConfigurationPlatforms) = preSolution
		Debug|Any CPU = Debug|Any CPU
		Release|Any CPU = Release|Any CPU
	EndGlobalSection
	GlobalSection(ProjectConfigurationPlatforms) = postSolution
		{46961224-7B51-4115-BA59-53F8537CF7C4}.Debug|Any CPU.ActiveCfg = Debug|Any CPU
		{46961224-7B51-4115-BA59-53F8537CF7C4}.Debug|Any CPU.Build.0 = Debug|Any CPU
		{46961224-7B51-4115-BA59-53F8537CF7C4}.Release|Any CPU.ActiveCfg = Release|Any CPU
		{46961224-7B51-4115-BA59-53F8537CF7C4}.Release|Any CPU.Build.0 = Release|Any CPU
		{B17C29AF-E052-413B-9149-4F49E5DA2571}.Debug|Any CPU.ActiveCfg = Debug|Any CPU
		{B17C29AF-E052-413B-9149-4F49E5DA2571}.Debug|Any CPU.Build.0 = Debug|Any CPU
		{B17C29AF-E052-413B-9149-4F49E5DA2571}.Release|Any CPU.ActiveCfg = Release|Any CPU
		{B17C29AF-E052-413B-9149-4F49E5DA2571}.Release|Any CPU.Build.0 = Release|Any CPU
	EndGlobalSection
	GlobalSection(SolutionProperties) = preSolution
		HideSolutionNode = FALSE
	EndGlobalSection
	GlobalSection(ExtensibilityGlobals) = postSolution
		SolutionGuid = {BBFEF9AD-DE12-4E77-AAF3-F441343E05C6}
	EndGlobalSection
EndGlobal
