
Microsoft Visual Studio Solution File, Format Version 12.00
# Visual Studio 15
VisualStudioVersion = 15.0.27130.2024
MinimumVisualStudioVersion = 10.0.40219.1
Project("{FAE04EC0-301F-11D3-BF4B-00C04F79EFBC}") = "m3u8.client", "m3u8.client\m3u8.client.csproj", "{46961224-7B51-4115-BA59-53F8537CF7C4}"
EndProject
Project("{FAE04EC0-301F-11D3-BF4B-00C04F79EFBC}") = "m3u8.console.app", "m3u8.console.app\m3u8.console.app.csproj", "{B17C29AF-E052-413B-9149-4F49E5DA2571}"
EndProject
Project("{FAE04EC0-301F-11D3-BF4B-00C04F79EFBC}") = "m3u8.downloader", "m3u8.downloader\m3u8.downloader.csproj", "{B4726081-D6C9-4183-99CF-D52913E25C85}"
EndProject
Project("{2150E333-8FDC-42A3-9474-1A3956D46DE8}") = "m3u8-chrome-extension", "m3u8-chrome-extension", "{A5D3292F-237A-4811-9794-85624A9AEB20}"
EndProject
Project("{2150E333-8FDC-42A3-9474-1A3956D46DE8}") = "m3u8-chrome-extension", "m3u8-chrome-extension", "{AF119145-1B98-4FE0-843F-0D159804A683}"
	ProjectSection(SolutionItems) = preProject
		m3u8-chrome-extension\m3u8-chrome-extension\auto_start_download.png = m3u8-chrome-extension\m3u8-chrome-extension\auto_start_download.png
		m3u8-chrome-extension\m3u8-chrome-extension\background.html = m3u8-chrome-extension\m3u8-chrome-extension\background.html
		m3u8-chrome-extension\m3u8-chrome-extension\background.js = m3u8-chrome-extension\m3u8-chrome-extension\background.js
		m3u8-chrome-extension\m3u8-chrome-extension\m3u8.css = m3u8-chrome-extension\m3u8-chrome-extension\m3u8.css
		m3u8-chrome-extension\m3u8-chrome-extension\m3u8.html = m3u8-chrome-extension\m3u8-chrome-extension\m3u8.html
		m3u8-chrome-extension\m3u8-chrome-extension\m3u8.js = m3u8-chrome-extension\m3u8-chrome-extension\m3u8.js
		m3u8-chrome-extension\m3u8-chrome-extension\m3u8.png = m3u8-chrome-extension\m3u8-chrome-extension\m3u8.png
		m3u8-chrome-extension\m3u8-chrome-extension\m3u8_148.png = m3u8-chrome-extension\m3u8-chrome-extension\m3u8_148.png
		m3u8-chrome-extension\m3u8-chrome-extension\m3u8_options.html = m3u8-chrome-extension\m3u8-chrome-extension\m3u8_options.html
		m3u8-chrome-extension\m3u8-chrome-extension\manifest.json = m3u8-chrome-extension\m3u8-chrome-extension\manifest.json
		m3u8-chrome-extension\m3u8-chrome-extension\script_in_content.js = m3u8-chrome-extension\m3u8-chrome-extension\script_in_content.js
	EndProjectSection
EndProject
Project("{2150E333-8FDC-42A3-9474-1A3956D46DE8}") = "m3u8-downloader-host", "m3u8-downloader-host", "{E1068E24-A5EE-4DAA-AA61-93C5A3D3F75A}"
	ProjectSection(SolutionItems) = preProject
		m3u8-chrome-extension\m3u8-downloader-host\install_host.bat = m3u8-chrome-extension\m3u8-downloader-host\install_host.bat
		m3u8-chrome-extension\m3u8-downloader-host\m3u8.downloader.host.json = m3u8-chrome-extension\m3u8-downloader-host\m3u8.downloader.host.json
		m3u8-chrome-extension\m3u8-downloader-host\uninstall_host.bat = m3u8-chrome-extension\m3u8-downloader-host\uninstall_host.bat
	EndProjectSection
EndProject
Global
	GlobalSection(SolutionConfigurationPlatforms) = preSolution
		Debug|Any CPU = Debug|Any CPU
		Release|Any CPU = Release|Any CPU
	EndGlobalSection
	GlobalSection(ProjectConfigurationPlatforms) = postSolution
		{46961224-7B51-4115-BA59-53F8537CF7C4}.Debug|Any CPU.ActiveCfg = Debug|Any CPU
		{46961224-7B51-4115-BA59-53F8537CF7C4}.Debug|Any CPU.Build.0 = Debug|Any CPU
		{46961224-7B51-4115-BA59-53F8537CF7C4}.Release|Any CPU.ActiveCfg = Release|Any CPU
		{46961224-7B51-4115-BA59-53F8537CF7C4}.Release|Any CPU.Build.0 = Release|Any CPU
		{B17C29AF-E052-413B-9149-4F49E5DA2571}.Debug|Any CPU.ActiveCfg = Debug|Any CPU
		{B17C29AF-E052-413B-9149-4F49E5DA2571}.Debug|Any CPU.Build.0 = Debug|Any CPU
		{B17C29AF-E052-413B-9149-4F49E5DA2571}.Release|Any CPU.ActiveCfg = Release|Any CPU
		{B17C29AF-E052-413B-9149-4F49E5DA2571}.Release|Any CPU.Build.0 = Release|Any CPU
		{B4726081-D6C9-4183-99CF-D52913E25C85}.Debug|Any CPU.ActiveCfg = Debug|Any CPU
		{B4726081-D6C9-4183-99CF-D52913E25C85}.Debug|Any CPU.Build.0 = Debug|Any CPU
		{B4726081-D6C9-4183-99CF-D52913E25C85}.Release|Any CPU.ActiveCfg = Release|Any CPU
		{B4726081-D6C9-4183-99CF-D52913E25C85}.Release|Any CPU.Build.0 = Release|Any CPU
	EndGlobalSection
	GlobalSection(SolutionProperties) = preSolution
		HideSolutionNode = FALSE
	EndGlobalSection
	GlobalSection(NestedProjects) = preSolution
		{AF119145-1B98-4FE0-843F-0D159804A683} = {A5D3292F-237A-4811-9794-85624A9AEB20}
		{E1068E24-A5EE-4DAA-AA61-93C5A3D3F75A} = {A5D3292F-237A-4811-9794-85624A9AEB20}
	EndGlobalSection
	GlobalSection(ExtensibilityGlobals) = postSolution
		SolutionGuid = {BBFEF9AD-DE12-4E77-AAF3-F441343E05C6}
	EndGlobalSection
EndGlobal
